
Microsoft Visual Studio Solution File, Format Version 12.00
# Visual Studio Version 16
VisualStudioVersion = 16.0.32002.261
MinimumVisualStudioVersion = 10.0.40219.1
Project("{9A19103F-16F7-4668-BE54-9A1E7A4F7556}") = "MissionAssignment13", "MissionAssignment13.csproj", "{F39365E3-7ABB-4B71-B822-5EA543F714B6}"
EndProject
Global
	GlobalSection(SolutionConfigurationPlatforms) = preSolution
		Debug|Any CPU = Debug|Any CPU
		Release|Any CPU = Release|Any CPU
	EndGlobalSection
	GlobalSection(ProjectConfigurationPlatforms) = postSolution
		{F39365E3-7ABB-4B71-B822-5EA543F714B6}.Debug|Any CPU.ActiveCfg = Debug|Any CPU
		{F39365E3-7ABB-4B71-B822-5EA543F714B6}.Debug|Any CPU.Build.0 = Debug|Any CPU
		{F39365E3-7ABB-4B71-B822-5EA543F714B6}.Release|Any CPU.ActiveCfg = Release|Any CPU
		{F39365E3-7ABB-4B71-B822-5EA543F714B6}.Release|Any CPU.Build.0 = Release|Any CPU
	EndGlobalSection
	GlobalSection(SolutionProperties) = preSolution
		HideSolutionNode = FALSE
	EndGlobalSection
	GlobalSection(ExtensibilityGlobals) = postSolution
		SolutionGuid = {61B3097B-6982-4217-9FA6-3BDBC69B3E30}
	EndGlobalSection
EndGlobal
